PODS:
  - AFNetworking (2.5.0):
    - AFNetworking/NSURLConnection
    - AFNetworking/NSURLSession
    - AFNetworking/Reachability
    - AFNetworking/Security
    - AFNetworking/Serialization
    - AFNetworking/UIKit
  - AFNetworking/NSURLConnection (2.5.0):
    - AFNetworking/Reachability
    - AFNetworking/Security
    - AFNetworking/Serialization
  - AFNetworking/NSURLSession (2.5.0):
    - AFNetworking/Reachability
    - AFNetworking/Security
    - AFNetworking/Serialization
  - AFNetworking/Reachability (2.5.0)
  - AFNetworking/Security (2.5.0)
  - AFNetworking/Serialization (2.5.0)
  - AFNetworking/UIKit (2.5.0):
    - AFNetworking/NSURLConnection
    - AFNetworking/NSURLSession
  - HockeySDK (3.6.1)
  - MBProgressHUD (0.9)
  - SDWebImage (3.7.1):
    - SDWebImage/Core
  - SDWebImage/Core (3.7.1)
  - ZBarSDK (1.3.1)
  - ZBUtilities (0.0.4):
    - MBProgressHUD (~> 0.8)

DEPENDENCIES:
  - AFNetworking
  - HockeySDK
  - SDWebImage
  - ZBarSDK (~> 1.3.1)
  - ZBUtilities

SPEC CHECKSUMS:
  AFNetworking: 0f54cb5d16ce38c1b76948faffb8d5fb705021c7
  HockeySDK: 15b24068466aa5ee421eed0cc1d58428d698edf6
  MBProgressHUD: 2038dbcf3dce73215abed6001657043d53aa79a8
  SDWebImage: 116e88633b5b416ea0ca4b334a4ac59cf72dd38d
  ZBarSDK: 3ed560856963f765b66d834f464590bd6ba13b44
  ZBUtilities: 30a3c15d49e8d06e3118f1a2f65b362744bb47ba

COCOAPODS: 0.34.4
